
Microsoft Visual Studio Solution File, Format Version 12.00
# Visual Studio Version 16
VisualStudioVersion = 16.0.31624.102
MinimumVisualStudioVersion = 10.0.40219.1
Project("{9A19103F-16F7-4668-BE54-9A1E7A4F7556}") = "EarthquakeApi", "EarthquakeApi\EarthquakeApi.csproj", "{2D4C2621-DFD8-43D3-A487-39506B3D5EA8}"
EndProject
Project("{FAE04EC0-301F-11D3-BF4B-00C04F79EFBC}") = "EarthquakeApiTests", "EarthquakeApiTests\EarthquakeApiTests.csproj", "{03B696D3-8903-47AE-87F5-19F8F69EA150}"
EndProject
Global
	GlobalSection(SolutionConfigurationPlatforms) = preSolution
		Debug|Any CPU = Debug|Any CPU
		Release|Any CPU = Release|Any CPU
	EndGlobalSection
	GlobalSection(ProjectConfigurationPlatforms) = postSolution
		{2D4C2621-DFD8-43D3-A487-39506B3D5EA8}.Debug|Any CPU.ActiveCfg = Debug|Any CPU
		{2D4C2621-DFD8-43D3-A487-39506B3D5EA8}.Debug|Any CPU.Build.0 = Debug|Any CPU
		{2D4C2621-DFD8-43D3-A487-39506B3D5EA8}.Release|Any CPU.ActiveCfg = Release|Any CPU
		{2D4C2621-DFD8-43D3-A487-39506B3D5EA8}.Release|Any CPU.Build.0 = Release|Any CPU
		{03B696D3-8903-47AE-87F5-19F8F69EA150}.Debug|Any CPU.ActiveCfg = Debug|Any CPU
		{03B696D3-8903-47AE-87F5-19F8F69EA150}.Debug|Any CPU.Build.0 = Debug|Any CPU
		{03B696D3-8903-47AE-87F5-19F8F69EA150}.Release|Any CPU.ActiveCfg = Release|Any CPU
		{03B696D3-8903-47AE-87F5-19F8F69EA150}.Release|Any CPU.Build.0 = Release|Any CPU
	EndGlobalSection
	GlobalSection(SolutionProperties) = preSolution
		HideSolutionNode = FALSE
	EndGlobalSection
	GlobalSection(ExtensibilityGlobals) = postSolution
		SolutionGuid = {A2A2D869-0B9A-4869-B0E1-AC25ADDD9C1D}
	EndGlobalSection
EndGlobal
